
Microsoft Visual Studio Solution File, Format Version 12.00
# Visual Studio 15
VisualStudioVersion = 15.0.27703.2047
MinimumVisualStudioVersion = 10.0.40219.1
Project("{FAE04EC0-301F-11D3-BF4B-00C04F79EFBC}") = "Femi.MW.REST", "Femi.MW.REST\Femi.MW.REST.csproj", "{799E626D-06E5-409F-AA09-8ED6AE14765B}"
EndProject
Project("{E53339B2-1760-4266-BCC7-CA923CBCF16C}") = "docker-compose", "docker-compose.dcproj", "{160CA385-63F7-4E49-AB5C-904EC580C109}"
EndProject
Global
	GlobalSection(SolutionConfigurationPlatforms) = preSolution
		Debug|Any CPU = Debug|Any CPU
		Release|Any CPU = Release|Any CPU
	EndGlobalSection
	GlobalSection(ProjectConfigurationPlatforms) = postSolution
		{799E626D-06E5-409F-AA09-8ED6AE14765B}.Debug|Any CPU.ActiveCfg = Debug|Any CPU
		{799E626D-06E5-409F-AA09-8ED6AE14765B}.Debug|Any CPU.Build.0 = Debug|Any CPU
		{799E626D-06E5-409F-AA09-8ED6AE14765B}.Release|Any CPU.ActiveCfg = Release|Any CPU
		{799E626D-06E5-409F-AA09-8ED6AE14765B}.Release|Any CPU.Build.0 = Release|Any CPU
		{160CA385-63F7-4E49-AB5C-904EC580C109}.Debug|Any CPU.ActiveCfg = Debug|Any CPU
		{160CA385-63F7-4E49-AB5C-904EC580C109}.Debug|Any CPU.Build.0 = Debug|Any CPU
		{160CA385-63F7-4E49-AB5C-904EC580C109}.Release|Any CPU.ActiveCfg = Release|Any CPU
		{160CA385-63F7-4E49-AB5C-904EC580C109}.Release|Any CPU.Build.0 = Release|Any CPU
	EndGlobalSection
	GlobalSection(SolutionProperties) = preSolution
		HideSolutionNode = FALSE
	EndGlobalSection
	GlobalSection(ExtensibilityGlobals) = postSolution
		SolutionGuid = {B82BA5DB-976B-4E12-AADF-8EA8103D1011}
	EndGlobalSection
EndGlobal
